// !$*UTF8*$!
{
	archiveVersion = 1;
	classes = {
	};
	objectVersion = 55;
	objects = {

/* Begin PBXBuildFile section */
		A52EBDA027E1752900720867 /* GoogleService-Info.plist in Resources */ = {isa = PBXBuildFile; fileRef = A52EBD9F27E1752800720867 /* GoogleService-Info.plist */; };
		A545125527E4A7070071680B /* ComentWriteViewController.swift in Sources */ = {isa = PBXBuildFile; fileRef = A545125427E4A7070071680B /* ComentWriteViewController.swift */; };
		A54BAE9C27E11B74003ED39B /* TabBarController.swift in Sources */ = {isa = PBXBuildFile; fileRef = A54BAE9B27E11B74003ED39B /* TabBarController.swift */; };
		A54BAE9E27E11DBC003ED39B /* ImageSelectViewController.swift in Sources */ = {isa = PBXBuildFile; fileRef = A54BAE9D27E11DBC003ED39B /* ImageSelectViewController.swift */; };
		A5693B6027E3ECDF00BB3FC9 /* Const.swift in Sources */ = {isa = PBXBuildFile; fileRef = A5693B5F27E3ECDF00BB3FC9 /* Const.swift */; };
		A5693B6427E3F86900BB3FC9 /* PostData.swift in Sources */ = {isa = PBXBuildFile; fileRef = A5693B6327E3F86900BB3FC9 /* PostData.swift */; };
		A5693B6727E3F98300BB3FC9 /* PostTableViewCell.swift in Sources */ = {isa = PBXBuildFile; fileRef = A5693B6527E3F98300BB3FC9 /* PostTableViewCell.swift */; };
		A5693B6827E3F98300BB3FC9 /* PostTableViewCell.xib in Resources */ = {isa = PBXBuildFile; fileRef = A5693B6627E3F98300BB3FC9 /* PostTableViewCell.xib */; };
		A5DB90B527E0535400B023CA /* AppDelegate.swift in Sources */ = {isa = PBXBuildFile; fileRef = A5DB90B427E0535400B023CA /* AppDelegate.swift */; };
		A5DB90B727E0535400B023CA /* SceneDelegate.swift in Sources */ = {isa = PBXBuildFile; fileRef = A5DB90B627E0535400B023CA /* SceneDelegate.swift */; };
		A5DB90BC27E0535400B023CA /* Main.storyboard in Resources */ = {isa = PBXBuildFile; fileRef = A5DB90BA27E0535400B023CA /* Main.storyboard */; };
		A5DB90BE27E0535400B023CA /* Assets.xcassets in Resources */ = {isa = PBXBuildFile; fileRef = A5DB90BD27E0535400B023CA /* Assets.xcassets */; };
		A5DB90C127E0535400B023CA /* LaunchScreen.storyboard in Resources */ = {isa = PBXBuildFile; fileRef = A5DB90BF27E0535400B023CA /* LaunchScreen.storyboard */; };
		A5DB90D327E05B6500B023CA /* LoginViewController.swift in Sources */ = {isa = PBXBuildFile; fileRef = A5DB90D227E05B6500B023CA /* LoginViewController.swift */; };
		A5DB90D527E05C0600B023CA /* HomeViewController.swift in Sources */ = {isa = PBXBuildFile; fileRef = A5DB90D427E05C0600B023CA /* HomeViewController.swift */; };
		A5DB90D927E05C8800B023CA /* PostViewController.swift in Sources */ = {isa = PBXBuildFile; fileRef = A5DB90D827E05C8800B023CA /* PostViewController.swift */; };
		A5DB90DB27E05CCA00B023CA /* SettingViewController.swift in Sources */ = {isa = PBXBuildFile; fileRef = A5DB90DA27E05CCA00B023CA /* SettingViewController.swift */; };
		EDFC7392F862CFDFC5C7F0DA /* Pods_Instagram.framework in Frameworks */ = {isa = PBXBuildFile; fileRef = 12814A2E01ADE93F62C310D3 /* Pods_Instagram.framework */; };
/* End PBXBuildFile section */

/* Begin PBXFileReference section */
		12814A2E01ADE93F62C310D3 /* Pods_Instagram.framework */ = {isa = PBXFileReference; explicitFileType = wrapper.framework; includeInIndex = 0; path = Pods_Instagram.framework; sourceTree = BUILT_PRODUCTS_DIR; };
		8971390B425AF4CEB8048E06 /* Pods-Instagram.release.xcconfig */ = {isa = PBXFileReference; includeInIndex = 1; lastKnownFileType = text.xcconfig; name = "Pods-Instagram.release.xcconfig"; path = "Target Support Files/Pods-Instagram/Pods-Instagram.release.xcconfig"; sourceTree = "<group>"; };
		A52EBD9F27E1752800720867 /* GoogleService-Info.plist */ = {isa = PBXFileReference; fileEncoding = 4; lastKnownFileType = text.plist.xml; path = "GoogleService-Info.plist"; sourceTree = "<group>"; };
		A545125427E4A7070071680B /* ComentWriteViewController.swift */ = {isa = PBXFileReference; lastKnownFileType = sourcecode.swift; path = ComentWriteViewController.swift; sourceTree = "<group>"; };
		A54BAE9B27E11B74003ED39B /* TabBarController.swift */ = {isa = PBXFileReference; lastKnownFileType = sourcecode.swift; path = TabBarController.swift; sourceTree = "<group>"; };
		A54BAE9D27E11DBC003ED39B /* ImageSelectViewController.swift */ = {isa = PBXFileReference; lastKnownFileType = sourcecode.swift; path = ImageSelectViewController.swift; sourceTree = "<group>"; };
		A5693B5F27E3ECDF00BB3FC9 /* Const.swift */ = {isa = PBXFileReference; lastKnownFileType = sourcecode.swift; path = Const.swift; sourceTree = "<group>"; };
		A5693B6327E3F86900BB3FC9 /* PostData.swift */ = {isa = PBXFileReference; lastKnownFileType = sourcecode.swift; path = PostData.swift; sourceTree = "<group>"; };
		A5693B6527E3F98300BB3FC9 /* PostTableViewCell.swift */ = {isa = PBXFileReference; lastKnownFileType = sourcecode.swift; path = PostTableViewCell.swift; sourceTree = "<group>"; };
		A5693B6627E3F98300BB3FC9 /* PostTableViewCell.xib */ = {isa = PBXFileReference; lastKnownFileType = file.xib; path = PostTableViewCell.xib; sourceTree = "<group>"; };
		A5DB90B127E0535400B023CA /* Instagram.app */ = {isa = PBXFileReference; explicitFileType = wrapper.application; includeInIndex = 0; path = Instagram.app; sourceTree = BUILT_PRODUCTS_DIR; };
		A5DB90B427E0535400B023CA /* AppDelegate.swift */ = {isa = PBXFileReference; lastKnownFileType = sourcecode.swift; path = AppDelegate.swift; sourceTree = "<group>"; };
		A5DB90B627E0535400B023CA /* SceneDelegate.swift */ = {isa = PBXFileReference; lastKnownFileType = sourcecode.swift; path = SceneDelegate.swift; sourceTree = "<group>"; };
		A5DB90BB27E0535400B023CA /* Base */ = {isa = PBXFileReference; lastKnownFileType = file.storyboard; name = Base; path = Base.lproj/Main.storyboard; sourceTree = "<group>"; };
		A5DB90BD27E0535400B023CA /* Assets.xcassets */ = {isa = PBXFileReference; lastKnownFileType = folder.assetcatalog; path = Assets.xcassets; sourceTree = "<group>"; };
		A5DB90C027E0535400B023CA /* Base */ = {isa = PBXFileReference; lastKnownFileType = file.storyboard; name = Base; path = Base.lproj/LaunchScreen.storyboard; sourceTree = "<group>"; };
		A5DB90C227E0535400B023CA /* Info.plist */ = {isa = PBXFileReference; lastKnownFileType = text.plist.xml; path = Info.plist; sourceTree = "<group>"; };
		A5DB90D227E05B6500B023CA /* LoginViewController.swift */ = {isa = PBXFileReference; lastKnownFileType = sourcecode.swift; path = LoginViewController.swift; sourceTree = "<group>"; };
		A5DB90D427E05C0600B023CA /* HomeViewController.swift */ = {isa = PBXFileReference; lastKnownFileType = sourcecode.swift; path = HomeViewController.swift; sourceTree = "<group>"; };
		A5DB90D827E05C8800B023CA /* PostViewController.swift */ = {isa = PBXFileReference; lastKnownFileType = sourcecode.swift; path = PostViewController.swift; sourceTree = "<group>"; };
		A5DB90DA27E05CCA00B023CA /* SettingViewController.swift */ = {isa = PBXFileReference; lastKnownFileType = sourcecode.swift; path = SettingViewController.swift; sourceTree = "<group>"; };
		E8670F3F7D50867F255483F5 /* Pods-Instagram.debug.xcconfig */ = {isa = PBXFileReference; includeInIndex = 1; lastKnownFileType = text.xcconfig; name = "Pods-Instagram.debug.xcconfig"; path = "Target Support Files/Pods-Instagram/Pods-Instagram.debug.xcconfig"; sourceTree = "<group>"; };
/* End PBXFileReference section */

/* Begin PBXFrameworksBuildPhase section */
		A5DB90AE27E0535400B023CA /* Frameworks */ = {
			isa = PBXFrameworksBuildPhase;
			buildActionMask = 2147483647;
			files = (
				EDFC7392F862CFDFC5C7F0DA /* Pods_Instagram.framework in Frameworks */,
			);
			runOnlyForDeploymentPostprocessing = 0;
		};
/* End PBXFrameworksBuildPhase section */

/* Begin PBXGroup section */
		1E285B1F7651425F58B0F92D /* Pods */ = {
			isa = PBXGroup;
			children = (
				E8670F3F7D50867F255483F5 /* Pods-Instagram.debug.xcconfig */,
				8971390B425AF4CEB8048E06 /* Pods-Instagram.release.xcconfig */,
			);
			path = Pods;
			sourceTree = "<group>";
		};
		A5DB90A827E0535400B023CA = {
			isa = PBXGroup;
			children = (
				A5DB90B327E0535400B023CA /* Instagram */,
				A5DB90B227E0535400B023CA /* Products */,
				1E285B1F7651425F58B0F92D /* Pods */,
				E6C50459DB4696E0E12F3FDA /* Frameworks */,
			);
			sourceTree = "<group>";
		};
		A5DB90B227E0535400B023CA /* Products */ = {
			isa = PBXGroup;
			children = (
				A5DB90B127E0535400B023CA /* Instagram.app */,
			);
			name = Products;
			sourceTree = "<group>";
		};
		A5DB90B327E0535400B023CA /* Instagram */ = {
			isa = PBXGroup;
			children = (
				A5DB90B427E0535400B023CA /* AppDelegate.swift */,
				A5DB90B627E0535400B023CA /* SceneDelegate.swift */,
				A5DB90D227E05B6500B023CA /* LoginViewController.swift */,
				A5DB90D427E05C0600B023CA /* HomeViewController.swift */,
				A5DB90D827E05C8800B023CA /* PostViewController.swift */,
				A5DB90DA27E05CCA00B023CA /* SettingViewController.swift */,
				A54BAE9D27E11DBC003ED39B /* ImageSelectViewController.swift */,
				A54BAE9B27E11B74003ED39B /* TabBarController.swift */,
				A5693B5F27E3ECDF00BB3FC9 /* Const.swift */,
				A5693B6327E3F86900BB3FC9 /* PostData.swift */,
				A5693B6527E3F98300BB3FC9 /* PostTableViewCell.swift */,
				A545125427E4A7070071680B /* ComentWriteViewController.swift */,
				A5693B6627E3F98300BB3FC9 /* PostTableViewCell.xib */,
				A5DB90BA27E0535400B023CA /* Main.storyboard */,
				A5DB90BD27E0535400B023CA /* Assets.xcassets */,
				A5DB90BF27E0535400B023CA /* LaunchScreen.storyboard */,
				A5DB90C227E0535400B023CA /* Info.plist */,
				A52EBD9F27E1752800720867 /* GoogleService-Info.plist */,
			);
			path = Instagram;
			sourceTree = "<group>";
		};
		E6C50459DB4696E0E12F3FDA /* Frameworks */ = {
			isa = PBXGroup;
			children = (
				12814A2E01ADE93F62C310D3 /* Pods_Instagram.framework */,
			);
			name = Frameworks;
			sourceTree = "<group>";
		};
/* End PBXGroup section */

/* Begin PBXNativeTarget section */
		A5DB90B027E0535400B023CA /* Instagram */ = {
			isa = PBXNativeTarget;
			buildConfigurationList = A5DB90C527E0535400B023CA /* Build configuration list for PBXNativeTarget "Instagram" */;
			buildPhases = (
				9D82CF7C9D2BBB81D0B6B1F0 /* [CP] Check Pods Manifest.lock */,
				A5DB90AD27E0535400B023CA /* Sources */,
				A5DB90AE27E0535400B023CA /* Frameworks */,
				A5DB90AF27E0535400B023CA /* Resources */,
				27CF2DD59BC7F1F534D62E65 /* [CP] Embed Pods Frameworks */,
			);
			buildRules = (
			);
			dependencies = (
			);
			name = Instagram;
			productName = Instagram;
			productReference = A5DB90B127E0535400B023CA /* Instagram.app */;
			productType = "com.apple.product-type.application";
		};
/* End PBXNativeTarget section */

/* Begin PBXProject section */
		A5DB90A927E0535400B023CA /* Project object */ = {
			isa = PBXProject;
			attributes = {
				BuildIndependentTargetsInParallel = 1;
				LastSwiftUpdateCheck = 1320;
				LastUpgradeCheck = 1320;
				TargetAttributes = {
					A5DB90B027E0535400B023CA = {
						CreatedOnToolsVersion = 13.2.1;
					};
				};
			};
			buildConfigurationList = A5DB90AC27E0535400B023CA /* Build configuration list for PBXProject "Instagram" */;
			compatibilityVersion = "Xcode 13.0";
			developmentRegion = en;
			hasScannedForEncodings = 0;
			knownRegions = (
				en,
				Base,
			);
			mainGroup = A5DB90A827E0535400B023CA;
			productRefGroup = A5DB90B227E0535400B023CA /* Products */;
			projectDirPath = "";
			projectRoot = "";
			targets = (
				A5DB90B027E0535400B023CA /* Instagram */,
			);
		};
/* End PBXProject section */

/* Begin PBXResourcesBuildPhase section */
		A5DB90AF27E0535400B023CA /* Resources */ = {
			isa = PBXResourcesBuildPhase;
			buildActionMask = 2147483647;
			files = (
				A5DB90C127E0535400B023CA /* LaunchScreen.storyboard in Resources */,
				A5693B6827E3F98300BB3FC9 /* PostTableViewCell.xib in Resources */,
				A5DB90BE27E0535400B023CA /* Assets.xcassets in Resources */,
				A52EBDA027E1752900720867 /* GoogleService-Info.plist in Resources */,
				A5DB90BC27E0535400B023CA /* Main.storyboard in Resources */,
			);
			runOnlyForDeploymentPostprocessing = 0;
		};
/* End PBXResourcesBuildPhase section */

/* Begin PBXShellScriptBuildPhase section */
		27CF2DD59BC7F1F534D62E65 /* [CP] Embed Pods Frameworks */ = {
			isa = PBXShellScriptBuildPhase;
			buildActionMask = 2147483647;
			files = (
			);
			inputFileListPaths = (
				"${PODS_ROOT}/Target Support Files/Pods-Instagram/Pods-Instagram-frameworks-${CONFIGURATION}-input-files.xcfilelist",
			);
			name = "[CP] Embed Pods Frameworks";
			outputFileListPaths = (
				"${PODS_ROOT}/Target Support Files/Pods-Instagram/Pods-Instagram-frameworks-${CONFIGURATION}-output-files.xcfilelist",
			);
			runOnlyForDeploymentPostprocessing = 0;
			shellPath = /bin/sh;
			shellScript = "\"${PODS_ROOT}/Target Support Files/Pods-Instagram/Pods-Instagram-frameworks.sh\"\n";
			showEnvVarsInLog = 0;
		};
		9D82CF7C9D2BBB81D0B6B1F0 /* [CP] Check Pods Manifest.lock */ = {
			isa = PBXShellScriptBuildPhase;
			buildActionMask = 2147483647;
			files = (
			);
			inputFileListPaths = (
			);
			inputPaths = (
				"${PODS_PODFILE_DIR_PATH}/Podfile.lock",
				"${PODS_ROOT}/Manifest.lock",
			);
			name = "[CP] Check Pods Manifest.lock";
			outputFileListPaths = (
			);
			outputPaths = (
				"$(DERIVED_FILE_DIR)/Pods-Instagram-checkManifestLockResult.txt",
			);
			runOnlyForDeploymentPostprocessing = 0;
			shellPath = /bin/sh;
			shellScript = "diff \"${PODS_PODFILE_DIR_PATH}/Podfile.lock\" \"${PODS_ROOT}/Manifest.lock\" > /dev/null\nif [ $? != 0 ] ; then\n    # print error to STDERR\n    echo \"error: The sandbox is not in sync with the Podfile.lock. Run 'pod install' or update your CocoaPods installation.\" >&2\n    exit 1\nfi\n# This output is used by Xcode 'outputs' to avoid re-running this script phase.\necho \"SUCCESS\" > \"${SCRIPT_OUTPUT_FILE_0}\"\n";
			showEnvVarsInLog = 0;
		};
/* End PBXShellScriptBuildPhase section */

/* Begin PBXSourcesBuildPhase section */
		A5DB90AD27E0535400B023CA /* Sources */ = {
			isa = PBXSourcesBuildPhase;
			buildActionMask = 2147483647;
			files = (
				A5693B6727E3F98300BB3FC9 /* PostTableViewCell.swift in Sources */,
				A5DB90D527E05C0600B023CA /* HomeViewController.swift in Sources */,
				A545125527E4A7070071680B /* ComentWriteViewController.swift in Sources */,
				A54BAE9C27E11B74003ED39B /* TabBarController.swift in Sources */,
				A5DB90D327E05B6500B023CA /* LoginViewController.swift in Sources */,
				A5DB90D927E05C8800B023CA /* PostViewController.swift in Sources */,
				A54BAE9E27E11DBC003ED39B /* ImageSelectViewController.swift in Sources */,
				A5693B6427E3F86900BB3FC9 /* PostData.swift in Sources */,
				A5DB90DB27E05CCA00B023CA /* SettingViewController.swift in Sources */,
				A5DB90B527E0535400B023CA /* AppDelegate.swift in Sources */,
				A5DB90B727E0535400B023CA /* SceneDelegate.swift in Sources */,
				A5693B6027E3ECDF00BB3FC9 /* Const.swift in Sources */,
			);
			runOnlyForDeploymentPostprocessing = 0;
		};
/* End PBXSourcesBuildPhase section */

/* Begin PBXVariantGroup section */
		A5DB90BA27E0535400B023CA /* Main.storyboard */ = {
			isa = PBXVariantGroup;
			children = (
				A5DB90BB27E0535400B023CA /* Base */,
			);
			name = Main.storyboard;
			sourceTree = "<group>";
		};
		A5DB90BF27E0535400B023CA /* LaunchScreen.storyboard */ = {
			isa = PBXVariantGroup;
			children = (
				A5DB90C027E0535400B023CA /* Base */,
			);
			name = LaunchScreen.storyboard;
			sourceTree = "<group>";
		};
/* End PBXVariantGroup section */

/* Begin XCBuildConfiguration section */
		A5DB90C327E0535400B023CA /* Debug */ = {
			isa = XCBuildConfiguration;
			buildSettings = {
				ALWAYS_SEARCH_USER_PATHS = NO;
				CLANG_ANALYZER_NONNULL = YES;
				CLANG_ANALYZER_NUMBER_OBJECT_CONVERSION = YES_AGGRESSIVE;
				CLANG_CXX_LANGUAGE_STANDARD = "gnu++17";
				CLANG_CXX_LIBRARY = "libc++";
				CLANG_ENABLE_MODULES = YES;
				CLANG_ENABLE_OBJC_ARC = YES;
				CLANG_ENABLE_OBJC_WEAK = YES;
				CLANG_WARN_BLOCK_CAPTURE_AUTORELEASING = YES;
				CLANG_WARN_BOOL_CONVERSION = YES;
				CLANG_WARN_COMMA = YES;
				CLANG_WARN_CONSTANT_CONVERSION = YES;
				CLANG_WARN_DEPRECATED_OBJC_IMPLEMENTATIONS = YES;
				CLANG_WARN_DIRECT_OBJC_ISA_USAGE = YES_ERROR;
				CLANG_WARN_DOCUMENTATION_COMMENTS = YES;
				CLANG_WARN_EMPTY_BODY = YES;
				CLANG_WARN_ENUM_CONVERSION = YES;
				CLANG_WARN_INFINITE_RECURSION = YES;
				CLANG_WARN_INT_CONVERSION = YES;
				CLANG_WARN_NON_LITERAL_NULL_CONVERSION = YES;
				CLANG_WARN_OBJC_IMPLICIT_RETAIN_SELF = YES;
				CLANG_WARN_OBJC_LITERAL_CONVERSION = YES;
				CLANG_WARN_OBJC_ROOT_CLASS = YES_ERROR;
				CLANG_WARN_QUOTED_INCLUDE_IN_FRAMEWORK_HEADER = YES;
				CLANG_WARN_RANGE_LOOP_ANALYSIS = YES;
				CLANG_WARN_STRICT_PROTOTYPES = YES;
				CLANG_WARN_SUSPICIOUS_MOVE = YES;
				CLANG_WARN_UNGUARDED_AVAILABILITY = YES_AGGRESSIVE;
				CLANG_WARN_UNREACHABLE_CODE = YES;
				CLANG_WARN__DUPLICATE_METHOD_MATCH = YES;
				COPY_PHASE_STRIP = NO;
				DEBUG_INFORMATION_FORMAT = dwarf;
				ENABLE_STRICT_OBJC_MSGSEND = YES;
				ENABLE_TESTABILITY = YES;
				GCC_C_LANGUAGE_STANDARD = gnu11;
				GCC_DYNAMIC_NO_PIC = NO;
				GCC_NO_COMMON_BLOCKS = YES;
				GCC_OPTIMIZATION_LEVEL = 0;
				GCC_PREPROCESSOR_DEFINITIONS = (
					"DEBUG=1",
					"$(inherited)",
				);
				GCC_WARN_64_TO_32_BIT_CONVERSION = YES;
				GCC_WARN_ABOUT_RETURN_TYPE = YES_ERROR;
				GCC_WARN_UNDECLARED_SELECTOR = YES;
				GCC_WARN_UNINITIALIZED_AUTOS = YES_AGGRESSIVE;
				GCC_WARN_UNUSED_FUNCTION = YES;
				GCC_WARN_UNUSED_VARIABLE = YES;
				IPHONEOS_DEPLOYMENT_TARGET = 15.2;
				MTL_ENABLE_DEBUG_INFO = INCLUDE_SOURCE;
				MTL_FAST_MATH = YES;
				ONLY_ACTIVE_ARCH = YES;
				SDKROOT = iphoneos;
				SWIFT_ACTIVE_COMPILATION_CONDITIONS = DEBUG;
				SWIFT_OPTIMIZATION_LEVEL = "-Onone";
			};
			name = Debug;
		};
		A5DB90C427E0535400B023CA /* Release */ = {
			isa = XCBuildConfiguration;
			buildSettings = {
				ALWAYS_SEARCH_USER_PATHS = NO;
				CLANG_ANALYZER_NONNULL = YES;
				CLANG_ANALYZER_NUMBER_OBJECT_CONVERSION = YES_AGGRESSIVE;
				CLANG_CXX_LANGUAGE_STANDARD = "gnu++17";
				CLANG_CXX_LIBRARY = "libc++";
				CLANG_ENABLE_MODULES = YES;
				CLANG_ENABLE_OBJC_ARC = YES;
				CLANG_ENABLE_OBJC_WEAK = YES;
				CLANG_WARN_BLOCK_CAPTURE_AUTORELEASING = YES;
				CLANG_WARN_BOOL_CONVERSION = YES;
				CLANG_WARN_COMMA = YES;
				CLANG_WARN_CONSTANT_CONVERSION = YES;
				CLANG_WARN_DEPRECATED_OBJC_IMPLEMENTATIONS = YES;
				CLANG_WARN_DIRECT_OBJC_ISA_USAGE = YES_ERROR;
				CLANG_WARN_DOCUMENTATION_COMMENTS = YES;
				CLANG_WARN_EMPTY_BODY = YES;
				CLANG_WARN_ENUM_CONVERSION = YES;
				CLANG_WARN_INFINITE_RECURSION = YES;
				CLANG_WARN_INT_CONVERSION = YES;
				CLANG_WARN_NON_LITERAL_NULL_CONVERSION = YES;
				CLANG_WARN_OBJC_IMPLICIT_RETAIN_SELF = YES;
				CLANG_WARN_OBJC_LITERAL_CONVERSION = YES;
				CLANG_WARN_OBJC_ROOT_CLASS = YES_ERROR;
				CLANG_WARN_QUOTED_INCLUDE_IN_FRAMEWORK_HEADER = YES;
				CLANG_WARN_RANGE_LOOP_ANALYSIS = YES;
				CLANG_WARN_STRICT_PROTOTYPES = YES;
				CLANG_WARN_SUSPICIOUS_MOVE = YES;
				CLANG_WARN_UNGUARDED_AVAILABILITY = YES_AGGRESSIVE;
				CLANG_WARN_UNREACHABLE_CODE = YES;
				CLANG_WARN__DUPLICATE_METHOD_MATCH = YES;
				COPY_PHASE_STRIP = NO;
				DEBUG_INFORMATION_FORMAT = "dwarf-with-dsym";
				ENABLE_NS_ASSERTIONS = NO;
				ENABLE_STRICT_OBJC_MSGSEND = YES;
				GCC_C_LANGUAGE_STANDARD = gnu11;
				GCC_NO_COMMON_BLOCKS = YES;
				GCC_WARN_64_TO_32_BIT_CONVERSION = YES;
				GCC_WARN_ABOUT_RETURN_TYPE = YES_ERROR;
				GCC_WARN_UNDECLARED_SELECTOR = YES;
				GCC_WARN_UNINITIALIZED_AUTOS = YES_AGGRESSIVE;
				GCC_WARN_UNUSED_FUNCTION = YES;
				GCC_WARN_UNUSED_VARIABLE = YES;
				IPHONEOS_DEPLOYMENT_TARGET = 15.2;
				MTL_ENABLE_DEBUG_INFO = NO;
				MTL_FAST_MATH = YES;
				SDKROOT = iphoneos;
				SWIFT_COMPILATION_MODE = wholemodule;
				SWIFT_OPTIMIZATION_LEVEL = "-O";
				VALIDATE_PRODUCT = YES;
			};
			name = Release;
		};
		A5DB90C627E0535400B023CA /* Debug */ = {
			isa = XCBuildConfiguration;
			baseConfigurationReference = E8670F3F7D50867F255483F5 /* Pods-Instagram.debug.xcconfig */;
			buildSettings = {
				ASSETCATALOG_COMPILER_APPICON_NAME = AppIcon;
				ASSETCATALOG_COMPILER_GLOBAL_ACCENT_COLOR_NAME = AccentColor;
				CODE_SIGN_STYLE = Automatic;
				CURRENT_PROJECT_VERSION = 1;
				DEVELOPMENT_TEAM = 7TP7H93KHM;
				GENERATE_INFOPLIST_FILE = YES;
				INFOPLIST_FILE = Instagram/Info.plist;
				INFOPLIST_KEY_NSCameraUsageDescription = "本アプリは、画像の投稿及び編集のため、カメラの使用許可を求めます。";
				INFOPLIST_KEY_UIApplicationSupportsIndirectInputEvents = YES;
				INFOPLIST_KEY_UILaunchStoryboardName = LaunchScreen;
				INFOPLIST_KEY_UIMainStoryboardFile = Main;
				INFOPLIST_KEY_UISupportedInterfaceOrientations_iPad = "UIInterfaceOrientationPortrait UIInterfaceOrientationPortraitUpsideDown UIInterfaceOrientationLandscapeLeft UIInterfaceOrientationLandscapeRight";
				INFOPLIST_KEY_UISupportedInterfaceOrientations_iPhone = UIInterfaceOrientationPortrait;
				LD_RUNPATH_SEARCH_PATHS = (
					"$(inherited)",
					"@executable_path/Frameworks",
				);
				MARKETING_VERSION = 1.0;
				PRODUCT_BUNDLE_IDENTIFIER = jp.techachademy.emi.yokota.Instagram;
				PRODUCT_NAME = "$(TARGET_NAME)";
				SWIFT_EMIT_LOC_STRINGS = YES;
				SWIFT_VERSION = 5.0;
				TARGETED_DEVICE_FAMILY = 1;
			};
			name = Debug;
		};
		A5DB90C727E0535400B023CA /* Release */ = {
			isa = XCBuildConfiguration;
			baseConfigurationReference = 8971390B425AF4CEB8048E06 /* Pods-Instagram.release.xcconfig */;
			buildSettings = {
				ASSETCATALOG_COMPILER_APPICON_NAME = AppIcon;
				ASSETCATALOG_COMPILER_GLOBAL_ACCENT_COLOR_NAME = AccentColor;
				CODE_SIGN_STYLE = Automatic;
				CURRENT_PROJECT_VERSION = 1;
				DEVELOPMENT_TEAM = 7TP7H93KHM;
				GENERATE_INFOPLIST_FILE = YES;
				INFOPLIST_FILE = Instagram/Info.plist;
				INFOPLIST_KEY_NSCameraUsageDescription = "本アプリは、画像の投稿及び編集のため、カメラの使用許可を求めます。";
				INFOPLIST_KEY_UIApplicationSupportsIndirectInputEvents = YES;
				INFOPLIST_KEY_UILaunchStoryboardName = LaunchScreen;
				INFOPLIST_KEY_UIMainStoryboardFile = Main;
				INFOPLIST_KEY_UISupportedInterfaceOrientations_iPad = "UIInterfaceOrientationPortrait UIInterfaceOrientationPortraitUpsideDown UIInterfaceOrientationLandscapeLeft UIInterfaceOrientationLandscapeRight";
				INFOPLIST_KEY_UISupportedInterfaceOrientations_iPhone = UIInterfaceOrientationPortrait;
				LD_RUNPATH_SEARCH_PATHS = (
					"$(inherited)",
					"@executable_path/Frameworks",
				);
				MARKETING_VERSION = 1.0;
				PRODUCT_BUNDLE_IDENTIFIER = jp.techachademy.emi.yokota.Instagram;
				PRODUCT_NAME = "$(TARGET_NAME)";
				SWIFT_EMIT_LOC_STRINGS = YES;
				SWIFT_VERSION = 5.0;
				TARGETED_DEVICE_FAMILY = 1;
			};
			name = Release;
		};
/* End XCBuildConfiguration section */

/* Begin XCConfigurationList section */
		A5DB90AC27E0535400B023CA /* Build configuration list for PBXProject "Instagram" */ = {
			isa = XCConfigurationList;
			buildConfigurations = (
				A5DB90C327E0535400B023CA /* Debug */,
				A5DB90C427E0535400B023CA /* Release */,
			);
			defaultConfigurationIsVisible = 0;
			defaultConfigurationName = Release;
		};
		A5DB90C527E0535400B023CA /* Build configuration list for PBXNativeTarget "Instagram" */ = {
			isa = XCConfigurationList;
			buildConfigurations = (
				A5DB90C627E0535400B023CA /* Debug */,
				A5DB90C727E0535400B023CA /* Release */,
			);
			defaultConfigurationIsVisible = 0;
			defaultConfigurationName = Release;
		};
/* End XCConfigurationList section */
	};
	rootObject = A5DB90A927E0535400B023CA /* Project object */;
}
